// !$*UTF8*$!
{
	archiveVersion = 1;
	classes = {
	};
	objectVersion = 50;
	objects = {

/* Begin PBXBuildFile section */
		E9EFC6A822F284EF00DB5F52 /* AppDelegate.swift in Sources */ = {isa = PBXBuildFile; fileRef = E9EFC6A722F284EF00DB5F52 /* AppDelegate.swift */; };
		E9EFC6AA22F284EF00DB5F52 /* ViewController.swift in Sources */ = {isa = PBXBuildFile; fileRef = E9EFC6A922F284EF00DB5F52 /* ViewController.swift */; };
		E9EFC6AD22F284EF00DB5F52 /* Main.storyboard in Resources */ = {isa = PBXBuildFile; fileRef = E9EFC6AB22F284EF00DB5F52 /* Main.storyboard */; };
		E9EFC6AF22F284F000DB5F52 /* Assets.xcassets in Resources */ = {isa = PBXBuildFile; fileRef = E9EFC6AE22F284F000DB5F52 /* Assets.xcassets */; };
		E9EFC6B222F284F000DB5F52 /* LaunchScreen.storyboard in Resources */ = {isa = PBXBuildFile; fileRef = E9EFC6B022F284F000DB5F52 /* LaunchScreen.storyboard */; };
		E9EFC6C022F2852100DB5F52 /* icon03.png in Resources */ = {isa = PBXBuildFile; fileRef = E9EFC6BA22F2852100DB5F52 /* icon03.png */; };
		E9EFC6C122F2852100DB5F52 /* icon01.png in Resources */ = {isa = PBXBuildFile; fileRef = E9EFC6BB22F2852100DB5F52 /* icon01.png */; };
		E9EFC6C222F2852100DB5F52 /* icon02.png in Resources */ = {isa = PBXBuildFile; fileRef = E9EFC6BC22F2852100DB5F52 /* icon02.png */; };
		E9EFC6C322F2852100DB5F52 /* icon04.png in Resources */ = {isa = PBXBuildFile; fileRef = E9EFC6BD22F2852100DB5F52 /* icon04.png */; };
		E9EFC6C422F2852100DB5F52 /* sidemenu.png in Resources */ = {isa = PBXBuildFile; fileRef = E9EFC6BE22F2852100DB5F52 /* sidemenu.png */; };
		E9EFC6C522F2852100DB5F52 /* icon05.png in Resources */ = {isa = PBXBuildFile; fileRef = E9EFC6BF22F2852100DB5F52 /* icon05.png */; };
		E9EFC6C722F2855F00DB5F52 /* RevealViewController.swift in Sources */ = {isa = PBXBuildFile; fileRef = E9EFC6C622F2855F00DB5F52 /* RevealViewController.swift */; };
		E9EFC6C922F2856900DB5F52 /* FrontViewController.swift in Sources */ = {isa = PBXBuildFile; fileRef = E9EFC6C822F2856900DB5F52 /* FrontViewController.swift */; };
		E9EFC6CB22F2858500DB5F52 /* SideBarViewController.swift in Sources */ = {isa = PBXBuildFile; fileRef = E9EFC6CA22F2858500DB5F52 /* SideBarViewController.swift */; };
/* End PBXBuildFile section */

/* Begin PBXFileReference section */
		E9EFC6A422F284EF00DB5F52 /* Chapter04-SideBarDIY.app */ = {isa = PBXFileReference; explicitFileType = wrapper.application; includeInIndex = 0; path = "Chapter04-SideBarDIY.app"; sourceTree = BUILT_PRODUCTS_DIR; };
		E9EFC6A722F284EF00DB5F52 /* AppDelegate.swift */ = {isa = PBXFileReference; lastKnownFileType = sourcecode.swift; path = AppDelegate.swift; sourceTree = "<group>"; };
		E9EFC6A922F284EF00DB5F52 /* ViewController.swift */ = {isa = PBXFileReference; lastKnownFileType = sourcecode.swift; path = ViewController.swift; sourceTree = "<group>"; };
		E9EFC6AC22F284EF00DB5F52 /* Base */ = {isa = PBXFileReference; lastKnownFileType = file.storyboard; name = Base; path = Base.lproj/Main.storyboard; sourceTree = "<group>"; };
		E9EFC6AE22F284F000DB5F52 /* Assets.xcassets */ = {isa = PBXFileReference; lastKnownFileType = folder.assetcatalog; path = Assets.xcassets; sourceTree = "<group>"; };
		E9EFC6B122F284F000DB5F52 /* Base */ = {isa = PBXFileReference; lastKnownFileType = file.storyboard; name = Base; path = Base.lproj/LaunchScreen.storyboard; sourceTree = "<group>"; };
		E9EFC6B322F284F000DB5F52 /* Info.plist */ = {isa = PBXFileReference; lastKnownFileType = text.plist.xml; path = Info.plist; sourceTree = "<group>"; };
		E9EFC6BA22F2852100DB5F52 /* icon03.png */ = {isa = PBXFileReference; lastKnownFileType = image.png; path = icon03.png; sourceTree = "<group>"; };
		E9EFC6BB22F2852100DB5F52 /* icon01.png */ = {isa = PBXFileReference; lastKnownFileType = image.png; path = icon01.png; sourceTree = "<group>"; };
		E9EFC6BC22F2852100DB5F52 /* icon02.png */ = {isa = PBXFileReference; lastKnownFileType = image.png; path = icon02.png; sourceTree = "<group>"; };
		E9EFC6BD22F2852100DB5F52 /* icon04.png */ = {isa = PBXFileReference; lastKnownFileType = image.png; path = icon04.png; sourceTree = "<group>"; };
		E9EFC6BE22F2852100DB5F52 /* sidemenu.png */ = {isa = PBXFileReference; lastKnownFileType = image.png; path = sidemenu.png; sourceTree = "<group>"; };
		E9EFC6BF22F2852100DB5F52 /* icon05.png */ = {isa = PBXFileReference; lastKnownFileType = image.png; path = icon05.png; sourceTree = "<group>"; };
		E9EFC6C622F2855F00DB5F52 /* RevealViewController.swift */ = {isa = PBXFileReference; lastKnownFileType = sourcecode.swift; path = RevealViewController.swift; sourceTree = "<group>"; };
		E9EFC6C822F2856900DB5F52 /* FrontViewController.swift */ = {isa = PBXFileReference; lastKnownFileType = sourcecode.swift; path = FrontViewController.swift; sourceTree = "<group>"; };
		E9EFC6CA22F2858500DB5F52 /* SideBarViewController.swift */ = {isa = PBXFileReference; lastKnownFileType = sourcecode.swift; path = SideBarViewController.swift; sourceTree = "<group>"; };
/* End PBXFileReference section */

/* Begin PBXFrameworksBuildPhase section */
		E9EFC6A122F284EF00DB5F52 /* Frameworks */ = {
			isa = PBXFrameworksBuildPhase;
			buildActionMask = 2147483647;
			files = (
			);
			runOnlyForDeploymentPostprocessing = 0;
		};
/* End PBXFrameworksBuildPhase section */

/* Begin PBXGroup section */
		E9EFC69B22F284EF00DB5F52 = {
			isa = PBXGroup;
			children = (
				E9EFC6B922F2850100DB5F52 /* Resources */,
				E9EFC6A622F284EF00DB5F52 /* Chapter04-SideBarDIY */,
				E9EFC6A522F284EF00DB5F52 /* Products */,
			);
			sourceTree = "<group>";
		};
		E9EFC6A522F284EF00DB5F52 /* Products */ = {
			isa = PBXGroup;
			children = (
				E9EFC6A422F284EF00DB5F52 /* Chapter04-SideBarDIY.app */,
			);
			name = Products;
			sourceTree = "<group>";
		};
		E9EFC6A622F284EF00DB5F52 /* Chapter04-SideBarDIY */ = {
			isa = PBXGroup;
			children = (
				E9EFC6A722F284EF00DB5F52 /* AppDelegate.swift */,
				E9EFC6A922F284EF00DB5F52 /* ViewController.swift */,
				E9EFC6C622F2855F00DB5F52 /* RevealViewController.swift */,
				E9EFC6C822F2856900DB5F52 /* FrontViewController.swift */,
				E9EFC6CA22F2858500DB5F52 /* SideBarViewController.swift */,
				E9EFC6AB22F284EF00DB5F52 /* Main.storyboard */,
				E9EFC6AE22F284F000DB5F52 /* Assets.xcassets */,
				E9EFC6B022F284F000DB5F52 /* LaunchScreen.storyboard */,
				E9EFC6B322F284F000DB5F52 /* Info.plist */,
			);
			path = "Chapter04-SideBarDIY";
			sourceTree = "<group>";
		};
		E9EFC6B922F2850100DB5F52 /* Resources */ = {
			isa = PBXGroup;
			children = (
				E9EFC6BB22F2852100DB5F52 /* icon01.png */,
				E9EFC6BC22F2852100DB5F52 /* icon02.png */,
				E9EFC6BA22F2852100DB5F52 /* icon03.png */,
				E9EFC6BD22F2852100DB5F52 /* icon04.png */,
				E9EFC6BF22F2852100DB5F52 /* icon05.png */,
				E9EFC6BE22F2852100DB5F52 /* sidemenu.png */,
			);
			path = Resources;
			sourceTree = "<group>";
		};
/* End PBXGroup section */

/* Begin PBXNativeTarget section */
		E9EFC6A322F284EF00DB5F52 /* Chapter04-SideBarDIY */ = {
			isa = PBXNativeTarget;
			buildConfigurationList = E9EFC6B622F284F000DB5F52 /* Build configuration list for PBXNativeTarget "Chapter04-SideBarDIY" */;
			buildPhases = (
				E9EFC6A022F284EF00DB5F52 /* Sources */,
				E9EFC6A122F284EF00DB5F52 /* Frameworks */,
				E9EFC6A222F284EF00DB5F52 /* Resources */,
			);
			buildRules = (
			);
			dependencies = (
			);
			name = "Chapter04-SideBarDIY";
			productName = "Chapter04-SideBarDIY";
			productReference = E9EFC6A422F284EF00DB5F52 /* Chapter04-SideBarDIY.app */;
			productType = "com.apple.product-type.application";
		};
/* End PBXNativeTarget section */

/* Begin PBXProject section */
		E9EFC69C22F284EF00DB5F52 /* Project object */ = {
			isa = PBXProject;
			attributes = {
				LastSwiftUpdateCheck = 1030;
				LastUpgradeCheck = 1030;
				TargetAttributes = {
					E9EFC6A322F284EF00DB5F52 = {
						CreatedOnToolsVersion = 10.3;
					};
				};
			};
			buildConfigurationList = E9EFC69F22F284EF00DB5F52 /* Build configuration list for PBXProject "Chapter04-SideBarDIY" */;
			compatibilityVersion = "Xcode 9.3";
			developmentRegion = en;
			hasScannedForEncodings = 0;
			knownRegions = (
				en,
				Base,
			);
			mainGroup = E9EFC69B22F284EF00DB5F52;
			productRefGroup = E9EFC6A522F284EF00DB5F52 /* Products */;
			projectDirPath = "";
			projectRoot = "";
			targets = (
				E9EFC6A322F284EF00DB5F52 /* Chapter04-SideBarDIY */,
			);
		};
/* End PBXProject section */

/* Begin PBXResourcesBuildPhase section */
		E9EFC6A222F284EF00DB5F52 /* Resources */ = {
			isa = PBXResourcesBuildPhase;
			buildActionMask = 2147483647;
			files = (
				E9EFC6B222F284F000DB5F52 /* LaunchScreen.storyboard in Resources */,
				E9EFC6C522F2852100DB5F52 /* icon05.png in Resources */,
				E9EFC6C422F2852100DB5F52 /* sidemenu.png in Resources */,
				E9EFC6C322F2852100DB5F52 /* icon04.png in Resources */,
				E9EFC6C022F2852100DB5F52 /* icon03.png in Resources */,
				E9EFC6AF22F284F000DB5F52 /* Assets.xcassets in Resources */,
				E9EFC6AD22F284EF00DB5F52 /* Main.storyboard in Resources */,
				E9EFC6C222F2852100DB5F52 /* icon02.png in Resources */,
				E9EFC6C122F2852100DB5F52 /* icon01.png in Resources */,
			);
			runOnlyForDeploymentPostprocessing = 0;
		};
/* End PBXResourcesBuildPhase section */

/* Begin PBXSourcesBuildPhase section */
		E9EFC6A022F284EF00DB5F52 /* Sources */ = {
			isa = PBXSourcesBuildPhase;
			buildActionMask = 2147483647;
			files = (
				E9EFC6C922F2856900DB5F52 /* FrontViewController.swift in Sources */,
				E9EFC6AA22F284EF00DB5F52 /* ViewController.swift in Sources */,
				E9EFC6CB22F2858500DB5F52 /* SideBarViewController.swift in Sources */,
				E9EFC6C722F2855F00DB5F52 /* RevealViewController.swift in Sources */,
				E9EFC6A822F284EF00DB5F52 /* AppDelegate.swift in Sources */,
			);
			runOnlyForDeploymentPostprocessing = 0;
		};
/* End PBXSourcesBuildPhase section */

/* Begin PBXVariantGroup section */
		E9EFC6AB22F284EF00DB5F52 /* Main.storyboard */ = {
			isa = PBXVariantGroup;
			children = (
				E9EFC6AC22F284EF00DB5F52 /* Base */,
			);
			name = Main.storyboard;
			sourceTree = "<group>";
		};
		E9EFC6B022F284F000DB5F52 /* LaunchScreen.storyboard */ = {
			isa = PBXVariantGroup;
			children = (
				E9EFC6B122F284F000DB5F52 /* Base */,
			);
			name = LaunchScreen.storyboard;
			sourceTree = "<group>";
		};
/* End PBXVariantGroup section */

/* Begin XCBuildConfiguration section */
		E9EFC6B422F284F000DB5F52 /* Debug */ = {
			isa = XCBuildConfiguration;
			buildSettings = {
				ALWAYS_SEARCH_USER_PATHS = NO;
				CLANG_ANALYZER_NONNULL = YES;
				CLANG_ANALYZER_NUMBER_OBJECT_CONVERSION = YES_AGGRESSIVE;
				CLANG_CXX_LANGUAGE_STANDARD = "gnu++14";
				CLANG_CXX_LIBRARY = "libc++";
				CLANG_ENABLE_MODULES = YES;
				CLANG_ENABLE_OBJC_ARC = YES;
				CLANG_ENABLE_OBJC_WEAK = YES;
				CLANG_WARN_BLOCK_CAPTURE_AUTORELEASING = YES;
				CLANG_WARN_BOOL_CONVERSION = YES;
				CLANG_WARN_COMMA = YES;
				CLANG_WARN_CONSTANT_CONVERSION = YES;
				CLANG_WARN_DEPRECATED_OBJC_IMPLEMENTATIONS = YES;
				CLANG_WARN_DIRECT_OBJC_ISA_USAGE = YES_ERROR;
				CLANG_WARN_DOCUMENTATION_COMMENTS = YES;
				CLANG_WARN_EMPTY_BODY = YES;
				CLANG_WARN_ENUM_CONVERSION = YES;
				CLANG_WARN_INFINITE_RECURSION = YES;
				CLANG_WARN_INT_CONVERSION = YES;
				CLANG_WARN_NON_LITERAL_NULL_CONVERSION = YES;
				CLANG_WARN_OBJC_IMPLICIT_RETAIN_SELF = YES;
				CLANG_WARN_OBJC_LITERAL_CONVERSION = YES;
				CLANG_WARN_OBJC_ROOT_CLASS = YES_ERROR;
				CLANG_WARN_RANGE_LOOP_ANALYSIS = YES;
				CLANG_WARN_STRICT_PROTOTYPES = YES;
				CLANG_WARN_SUSPICIOUS_MOVE = YES;
				CLANG_WARN_UNGUARDED_AVAILABILITY = YES_AGGRESSIVE;
				CLANG_WARN_UNREACHABLE_CODE = YES;
				CLANG_WARN__DUPLICATE_METHOD_MATCH = YES;
				CODE_SIGN_IDENTITY = "iPhone Developer";
				COPY_PHASE_STRIP = NO;
				DEBUG_INFORMATION_FORMAT = dwarf;
				ENABLE_STRICT_OBJC_MSGSEND = YES;
				ENABLE_TESTABILITY = YES;
				GCC_C_LANGUAGE_STANDARD = gnu11;
				GCC_DYNAMIC_NO_PIC = NO;
				GCC_NO_COMMON_BLOCKS = YES;
				GCC_OPTIMIZATION_LEVEL = 0;
				GCC_PREPROCESSOR_DEFINITIONS = (
					"DEBUG=1",
					"$(inherited)",
				);
				GCC_WARN_64_TO_32_BIT_CONVERSION = YES;
				GCC_WARN_ABOUT_RETURN_TYPE = YES_ERROR;
				GCC_WARN_UNDECLARED_SELECTOR = YES;
				GCC_WARN_UNINITIALIZED_AUTOS = YES_AGGRESSIVE;
				GCC_WARN_UNUSED_FUNCTION = YES;
				GCC_WARN_UNUSED_VARIABLE = YES;
				IPHONEOS_DEPLOYMENT_TARGET = 12.4;
				MTL_ENABLE_DEBUG_INFO = INCLUDE_SOURCE;
				MTL_FAST_MATH = YES;
				ONLY_ACTIVE_ARCH = YES;
				SDKROOT = iphoneos;
				SWIFT_ACTIVE_COMPILATION_CONDITIONS = DEBUG;
				SWIFT_OPTIMIZATION_LEVEL = "-Onone";
			};
			name = Debug;
		};
		E9EFC6B522F284F000DB5F52 /* Release */ = {
			isa = XCBuildConfiguration;
			buildSettings = {
				ALWAYS_SEARCH_USER_PATHS = NO;
				CLANG_ANALYZER_NONNULL = YES;
				CLANG_ANALYZER_NUMBER_OBJECT_CONVERSION = YES_AGGRESSIVE;
				CLANG_CXX_LANGUAGE_STANDARD = "gnu++14";
				CLANG_CXX_LIBRARY = "libc++";
				CLANG_ENABLE_MODULES = YES;
				CLANG_ENABLE_OBJC_ARC = YES;
				CLANG_ENABLE_OBJC_WEAK = YES;
				CLANG_WARN_BLOCK_CAPTURE_AUTORELEASING = YES;
				CLANG_WARN_BOOL_CONVERSION = YES;
				CLANG_WARN_COMMA = YES;
				CLANG_WARN_CONSTANT_CONVERSION = YES;
				CLANG_WARN_DEPRECATED_OBJC_IMPLEMENTATIONS = YES;
				CLANG_WARN_DIRECT_OBJC_ISA_USAGE = YES_ERROR;
				CLANG_WARN_DOCUMENTATION_COMMENTS = YES;
				CLANG_WARN_EMPTY_BODY = YES;
				CLANG_WARN_ENUM_CONVERSION = YES;
				CLANG_WARN_INFINITE_RECURSION = YES;
				CLANG_WARN_INT_CONVERSION = YES;
				CLANG_WARN_NON_LITERAL_NULL_CONVERSION = YES;
				CLANG_WARN_OBJC_IMPLICIT_RETAIN_SELF = YES;
				CLANG_WARN_OBJC_LITERAL_CONVERSION = YES;
				CLANG_WARN_OBJC_ROOT_CLASS = YES_ERROR;
				CLANG_WARN_RANGE_LOOP_ANALYSIS = YES;
				CLANG_WARN_STRICT_PROTOTYPES = YES;
				CLANG_WARN_SUSPICIOUS_MOVE = YES;
				CLANG_WARN_UNGUARDED_AVAILABILITY = YES_AGGRESSIVE;
				CLANG_WARN_UNREACHABLE_CODE = YES;
				CLANG_WARN__DUPLICATE_METHOD_MATCH = YES;
				CODE_SIGN_IDENTITY = "iPhone Developer";
				COPY_PHASE_STRIP = NO;
				DEBUG_INFORMATION_FORMAT = "dwarf-with-dsym";
				ENABLE_NS_ASSERTIONS = NO;
				ENABLE_STRICT_OBJC_MSGSEND = YES;
				GCC_C_LANGUAGE_STANDARD = gnu11;
				GCC_NO_COMMON_BLOCKS = YES;
				GCC_WARN_64_TO_32_BIT_CONVERSION = YES;
				GCC_WARN_ABOUT_RETURN_TYPE = YES_ERROR;
				GCC_WARN_UNDECLARED_SELECTOR = YES;
				GCC_WARN_UNINITIALIZED_AUTOS = YES_AGGRESSIVE;
				GCC_WARN_UNUSED_FUNCTION = YES;
				GCC_WARN_UNUSED_VARIABLE = YES;
				IPHONEOS_DEPLOYMENT_TARGET = 12.4;
				MTL_ENABLE_DEBUG_INFO = NO;
				MTL_FAST_MATH = YES;
				SDKROOT = iphoneos;
				SWIFT_COMPILATION_MODE = wholemodule;
				SWIFT_OPTIMIZATION_LEVEL = "-O";
				VALIDATE_PRODUCT = YES;
			};
			name = Release;
		};
		E9EFC6B722F284F000DB5F52 /* Debug */ = {
			isa = XCBuildConfiguration;
			buildSettings = {
				ASSETCATALOG_COMPILER_APPICON_NAME = AppIcon;
				CODE_SIGN_STYLE = Automatic;
				INFOPLIST_FILE = "Chapter04-SideBarDIY/Info.plist";
				LD_RUNPATH_SEARCH_PATHS = (
					"$(inherited)",
					"@executable_path/Frameworks",
				);
				PRODUCT_BUNDLE_IDENTIFIER = "com.practice.Chapter04-SideBarDIY";
				PRODUCT_NAME = "$(TARGET_NAME)";
				SWIFT_VERSION = 5.0;
				TARGETED_DEVICE_FAMILY = 1;
			};
			name = Debug;
		};
		E9EFC6B822F284F000DB5F52 /* Release */ = {
			isa = XCBuildConfiguration;
			buildSettings = {
				ASSETCATALOG_COMPILER_APPICON_NAME = AppIcon;
				CODE_SIGN_STYLE = Automatic;
				INFOPLIST_FILE = "Chapter04-SideBarDIY/Info.plist";
				LD_RUNPATH_SEARCH_PATHS = (
					"$(inherited)",
					"@executable_path/Frameworks",
				);
				PRODUCT_BUNDLE_IDENTIFIER = "com.practice.Chapter04-SideBarDIY";
				PRODUCT_NAME = "$(TARGET_NAME)";
				SWIFT_VERSION = 5.0;
				TARGETED_DEVICE_FAMILY = 1;
			};
			name = Release;
		};
/* End XCBuildConfiguration section */

/* Begin XCConfigurationList section */
		E9EFC69F22F284EF00DB5F52 /* Build configuration list for PBXProject "Chapter04-SideBarDIY" */ = {
			isa = XCConfigurationList;
			buildConfigurations = (
				E9EFC6B422F284F000DB5F52 /* Debug */,
				E9EFC6B522F284F000DB5F52 /* Release */,
			);
			defaultConfigurationIsVisible = 0;
			defaultConfigurationName = Release;
		};
		E9EFC6B622F284F000DB5F52 /* Build configuration list for PBXNativeTarget "Chapter04-SideBarDIY" */ = {
			isa = XCConfigurationList;
			buildConfigurations = (
				E9EFC6B722F284F000DB5F52 /* Debug */,
				E9EFC6B822F284F000DB5F52 /* Release */,
			);
			defaultConfigurationIsVisible = 0;
			defaultConfigurationName = Release;
		};
/* End XCConfigurationList section */
	};
	rootObject = E9EFC69C22F284EF00DB5F52 /* Project object */;
}
